
Microsoft Visual Studio Solution File, Format Version 12.00
# Visual Studio Version 17
VisualStudioVersion = 17.14.36310.24 d17.14
MinimumVisualStudioVersion = 10.0.40219.1
Project("{FAE04EC0-301F-11D3-BF4B-00C04F79EFBC}") = "EnigmaEncryptor", "EnigmaEncryptor\EnigmaEncryptor.csproj", "{7D10704F-C460-43A0-AC18-019322206F2C}"
EndProject
Global
	GlobalSection(SolutionConfigurationPlatforms) = preSolution
		Debug|Any CPU = Debug|Any CPU
		Release|Any CPU = Release|Any CPU
	EndGlobalSection
	GlobalSection(ProjectConfigurationPlatforms) = postSolution
		{7D10704F-C460-43A0-AC18-019322206F2C}.Debug|Any CPU.ActiveCfg = Debug|Any CPU
		{7D10704F-C460-43A0-AC18-019322206F2C}.Debug|Any CPU.Build.0 = Debug|Any CPU
		{7D10704F-C460-43A0-AC18-019322206F2C}.Release|Any CPU.ActiveCfg = Release|Any CPU
		{7D10704F-C460-43A0-AC18-019322206F2C}.Release|Any CPU.Build.0 = Release|Any CPU
	EndGlobalSection
	GlobalSection(SolutionProperties) = preSolution
		HideSolutionNode = FALSE
	EndGlobalSection
	GlobalSection(ExtensibilityGlobals) = postSolution
		SolutionGuid = {7730A307-1BDB-4955-A869-A2A7C370A3F5}
	EndGlobalSection
EndGlobal
